<Solution>
  <Configurations>
    <Platform Name="x64" />
    <Platform Name="x86" />
  </Configurations>
  <Project Path="GP4MD.vcxproj" Id="4422e17d-f9a2-47c3-a368-4126ad978186" />
  <Project Path="GP4MemLib/GP4MemLib.vcxproj" Id="6e797115-2013-4256-979b-a2beb06686e7" />
  <Project Path="IniLib/IniLib.vcxproj" Id="a42124af-81b0-4f0b-bf3c-10c024775cbb" />
</Solution>
